
Microsoft Visual Studio Solution File, Format Version 12.00
# Visual Studio Version 16
VisualStudioVersion = 16.0.33027.164
MinimumVisualStudioVersion = 10.0.40219.1
Project("{8BC9CEB8-8B4A-11D0-8D11-00A0C91BC942}") = "LabTask", "LabTask.vcxproj", "{6854C78B-80CB-4363-9CE0-2E3EADD8E0DD}"
EndProject
Project("{8BC9CEB8-8B4A-11D0-8D11-00A0C91BC942}") = "UnitTests", "..\UnitTests\UnitTests.vcxproj", "{50C045CC-A152-4C66-BE0A-A0CC5689BC61}"
EndProject
Global
	GlobalSection(SolutionConfigurationPlatforms) = preSolution
		Debug|x64 = Debug|x64
		Debug|x86 = Debug|x86
		Release|x64 = Release|x64
		Release|x86 = Release|x86
	EndGlobalSection
	GlobalSection(ProjectConfigurationPlatforms) = postSolution
		{6854C78B-80CB-4363-9CE0-2E3EADD8E0DD}.Debug|x64.ActiveCfg = Debug|x64
		{6854C78B-80CB-4363-9CE0-2E3EADD8E0DD}.Debug|x64.Build.0 = Debug|x64
		{6854C78B-80CB-4363-9CE0-2E3EADD8E0DD}.Debug|x86.ActiveCfg = Debug|Win32
		{6854C78B-80CB-4363-9CE0-2E3EADD8E0DD}.Debug|x86.Build.0 = Debug|Win32
		{6854C78B-80CB-4363-9CE0-2E3EADD8E0DD}.Release|x64.ActiveCfg = Release|x64
		{6854C78B-80CB-4363-9CE0-2E3EADD8E0DD}.Release|x64.Build.0 = Release|x64
		{6854C78B-80CB-4363-9CE0-2E3EADD8E0DD}.Release|x86.ActiveCfg = Release|Win32
		{6854C78B-80CB-4363-9CE0-2E3EADD8E0DD}.Release|x86.Build.0 = Release|Win32
		{50C045CC-A152-4C66-BE0A-A0CC5689BC61}.Debug|x64.ActiveCfg = Debug|x64
		{50C045CC-A152-4C66-BE0A-A0CC5689BC61}.Debug|x64.Build.0 = Debug|x64
		{50C045CC-A152-4C66-BE0A-A0CC5689BC61}.Debug|x86.ActiveCfg = Debug|Win32
		{50C045CC-A152-4C66-BE0A-A0CC5689BC61}.Debug|x86.Build.0 = Debug|Win32
		{50C045CC-A152-4C66-BE0A-A0CC5689BC61}.Release|x64.ActiveCfg = Release|x64
		{50C045CC-A152-4C66-BE0A-A0CC5689BC61}.Release|x64.Build.0 = Release|x64
		{50C045CC-A152-4C66-BE0A-A0CC5689BC61}.Release|x86.ActiveCfg = Release|Win32
		{50C045CC-A152-4C66-BE0A-A0CC5689BC61}.Release|x86.Build.0 = Release|Win32
	EndGlobalSection
	GlobalSection(SolutionProperties) = preSolution
		HideSolutionNode = FALSE
	EndGlobalSection
	GlobalSection(ExtensibilityGlobals) = postSolution
		SolutionGuid = {3367F580-E74A-4FDC-B55E-5A7F9E3F0CED}
	EndGlobalSection
EndGlobal
